
Microsoft Visual Studio Solution File, Format Version 12.00
# Visual Studio Version 17
VisualStudioVersion = 17.4.33213.308
MinimumVisualStudioVersion = 10.0.40219.1
Project("{9A19103F-16F7-4668-BE54-9A1E7A4F7556}") = "wordleboard.Web", "wordleboard.Web\wordleboard.Web.csproj", "{F13FD4B7-CEC6-4FCA-A464-6BE6AABB9BF3}"
EndProject
Project("{9A19103F-16F7-4668-BE54-9A1E7A4F7556}") = "wordleboard.Models", "wordleboard.Models\wordleboard.Models.csproj", "{ADA164D2-B48E-4EB7-BFBC-77A69002E798}"
EndProject
Project("{9A19103F-16F7-4668-BE54-9A1E7A4F7556}") = "wordleboard.Services", "wordleboard.Services\wordleboard.Services.csproj", "{B18088DD-EA84-4B3D-9ED8-CD907EEAE2A1}"
EndProject
Project("{9A19103F-16F7-4668-BE54-9A1E7A4F7556}") = "wordleboard.Db", "wordleboard.Db\wordleboard.Db.csproj", "{8785D730-BA1B-4F18-863A-4990402A838A}"
EndProject
Project("{FAE04EC0-301F-11D3-BF4B-00C04F79EFBC}") = "wordleboard.Api", "wordleboard.Api\wordleboard.Api.csproj", "{AC0649C0-261F-4C89-880F-E74B6E2FF3A5}"
EndProject
Global
	GlobalSection(SolutionConfigurationPlatforms) = preSolution
		Debug|Any CPU = Debug|Any CPU
		Release|Any CPU = Release|Any CPU
	EndGlobalSection
	GlobalSection(ProjectConfigurationPlatforms) = postSolution
		{F13FD4B7-CEC6-4FCA-A464-6BE6AABB9BF3}.Debug|Any CPU.ActiveCfg = Debug|Any CPU
		{F13FD4B7-CEC6-4FCA-A464-6BE6AABB9BF3}.Debug|Any CPU.Build.0 = Debug|Any CPU
		{F13FD4B7-CEC6-4FCA-A464-6BE6AABB9BF3}.Release|Any CPU.ActiveCfg = Release|Any CPU
		{F13FD4B7-CEC6-4FCA-A464-6BE6AABB9BF3}.Release|Any CPU.Build.0 = Release|Any CPU
		{ADA164D2-B48E-4EB7-BFBC-77A69002E798}.Debug|Any CPU.ActiveCfg = Debug|Any CPU
		{ADA164D2-B48E-4EB7-BFBC-77A69002E798}.Debug|Any CPU.Build.0 = Debug|Any CPU
		{ADA164D2-B48E-4EB7-BFBC-77A69002E798}.Release|Any CPU.ActiveCfg = Release|Any CPU
		{ADA164D2-B48E-4EB7-BFBC-77A69002E798}.Release|Any CPU.Build.0 = Release|Any CPU
		{B18088DD-EA84-4B3D-9ED8-CD907EEAE2A1}.Debug|Any CPU.ActiveCfg = Debug|Any CPU
		{B18088DD-EA84-4B3D-9ED8-CD907EEAE2A1}.Debug|Any CPU.Build.0 = Debug|Any CPU
		{B18088DD-EA84-4B3D-9ED8-CD907EEAE2A1}.Release|Any CPU.ActiveCfg = Release|Any CPU
		{B18088DD-EA84-4B3D-9ED8-CD907EEAE2A1}.Release|Any CPU.Build.0 = Release|Any CPU
		{8785D730-BA1B-4F18-863A-4990402A838A}.Debug|Any CPU.ActiveCfg = Debug|Any CPU
		{8785D730-BA1B-4F18-863A-4990402A838A}.Debug|Any CPU.Build.0 = Debug|Any CPU
		{8785D730-BA1B-4F18-863A-4990402A838A}.Release|Any CPU.ActiveCfg = Release|Any CPU
		{8785D730-BA1B-4F18-863A-4990402A838A}.Release|Any CPU.Build.0 = Release|Any CPU
		{AC0649C0-261F-4C89-880F-E74B6E2FF3A5}.Debug|Any CPU.ActiveCfg = Debug|Any CPU
		{AC0649C0-261F-4C89-880F-E74B6E2FF3A5}.Debug|Any CPU.Build.0 = Debug|Any CPU
		{AC0649C0-261F-4C89-880F-E74B6E2FF3A5}.Release|Any CPU.ActiveCfg = Release|Any CPU
		{AC0649C0-261F-4C89-880F-E74B6E2FF3A5}.Release|Any CPU.Build.0 = Release|Any CPU
	EndGlobalSection
	GlobalSection(SolutionProperties) = preSolution
		HideSolutionNode = FALSE
	EndGlobalSection
	GlobalSection(ExtensibilityGlobals) = postSolution
		SolutionGuid = {5E436081-E889-4884-A4E0-DB69070DE0E0}
	EndGlobalSection
EndGlobal
