
Microsoft Visual Studio Solution File, Format Version 12.00
# Visual Studio Version 17
VisualStudioVersion = 17.4.33213.308
MinimumVisualStudioVersion = 10.0.40219.1
Project("{FAE04EC0-301F-11D3-BF4B-00C04F79EFBC}") = "wordleboard", "wordleboard.csproj", "{95D2C9E9-2180-4D92-94CA-1D316CCB57C0}"
EndProject
Global
	GlobalSection(SolutionConfigurationPlatforms) = preSolution
		Debug|Any CPU = Debug|Any CPU
		Release|Any CPU = Release|Any CPU
	EndGlobalSection
	GlobalSection(ProjectConfigurationPlatforms) = postSolution
		{95D2C9E9-2180-4D92-94CA-1D316CCB57C0}.Debug|Any CPU.ActiveCfg = Debug|Any CPU
		{95D2C9E9-2180-4D92-94CA-1D316CCB57C0}.Debug|Any CPU.Build.0 = Debug|Any CPU
		{95D2C9E9-2180-4D92-94CA-1D316CCB57C0}.Release|Any CPU.ActiveCfg = Release|Any CPU
		{95D2C9E9-2180-4D92-94CA-1D316CCB57C0}.Release|Any CPU.Build.0 = Release|Any CPU
	EndGlobalSection
	GlobalSection(SolutionProperties) = preSolution
		HideSolutionNode = FALSE
	EndGlobalSection
	GlobalSection(ExtensibilityGlobals) = postSolution
		SolutionGuid = {5E436081-E889-4884-A4E0-DB69070DE0E0}
	EndGlobalSection
EndGlobal
